
Microsoft Visual Studio Solution File, Format Version 12.00
# Visual Studio Version 16
VisualStudioVersion = 16.0.30907.101
MinimumVisualStudioVersion = 10.0.40219.1
Project("{9A19103F-16F7-4668-BE54-9A1E7A4F7556}") = "KafkaClient", "KafkaClient\KafkaClient.csproj", "{081B3E20-E366-4B8D-A4C8-0754DC5B92DC}"
EndProject
Project("{9A19103F-16F7-4668-BE54-9A1E7A4F7556}") = "KafkaCommon", "KafkaCommon\KafkaCommon.csproj", "{6830F72F-21B8-44C1-A510-3DDF1188AB96}"
EndProject
Project("{FAE04EC0-301F-11D3-BF4B-00C04F79EFBC}") = "KafkaServer", "KafkaServer\KafkaServer.csproj", "{0011F253-D737-4D37-B56C-8CD9962C0EA5}"
EndProject
Global
	GlobalSection(SolutionConfigurationPlatforms) = preSolution
		Debug|Any CPU = Debug|Any CPU
		Release|Any CPU = Release|Any CPU
	EndGlobalSection
	GlobalSection(ProjectConfigurationPlatforms) = postSolution
		{081B3E20-E366-4B8D-A4C8-0754DC5B92DC}.Debug|Any CPU.ActiveCfg = Debug|Any CPU
		{081B3E20-E366-4B8D-A4C8-0754DC5B92DC}.Debug|Any CPU.Build.0 = Debug|Any CPU
		{081B3E20-E366-4B8D-A4C8-0754DC5B92DC}.Release|Any CPU.ActiveCfg = Release|Any CPU
		{081B3E20-E366-4B8D-A4C8-0754DC5B92DC}.Release|Any CPU.Build.0 = Release|Any CPU
		{6830F72F-21B8-44C1-A510-3DDF1188AB96}.Debug|Any CPU.ActiveCfg = Debug|Any CPU
		{6830F72F-21B8-44C1-A510-3DDF1188AB96}.Debug|Any CPU.Build.0 = Debug|Any CPU
		{6830F72F-21B8-44C1-A510-3DDF1188AB96}.Release|Any CPU.ActiveCfg = Release|Any CPU
		{6830F72F-21B8-44C1-A510-3DDF1188AB96}.Release|Any CPU.Build.0 = Release|Any CPU
		{0011F253-D737-4D37-B56C-8CD9962C0EA5}.Debug|Any CPU.ActiveCfg = Debug|Any CPU
		{0011F253-D737-4D37-B56C-8CD9962C0EA5}.Debug|Any CPU.Build.0 = Debug|Any CPU
		{0011F253-D737-4D37-B56C-8CD9962C0EA5}.Release|Any CPU.ActiveCfg = Release|Any CPU
		{0011F253-D737-4D37-B56C-8CD9962C0EA5}.Release|Any CPU.Build.0 = Release|Any CPU
	EndGlobalSection
	GlobalSection(SolutionProperties) = preSolution
		HideSolutionNode = FALSE
	EndGlobalSection
	GlobalSection(ExtensibilityGlobals) = postSolution
		SolutionGuid = {E1BF1C32-5A82-49F6-B1DC-6BF2C125557E}
	EndGlobalSection
EndGlobal
